
Microsoft Visual Studio Solution File, Format Version 12.00
# Visual Studio Version 16
VisualStudioVersion = 16.0.29215.179
MinimumVisualStudioVersion = 10.0.40219.1
Project("{FAE04EC0-301F-11D3-BF4B-00C04F79EFBC}") = "LifeManager", "LifeManager\LifeManager.csproj", "{6AE6D423-2695-4CBB-AAF4-2B698C27E259}"
EndProject
Global
	GlobalSection(SolutionConfigurationPlatforms) = preSolution
		Debug|Any CPU = Debug|Any CPU
		Release|Any CPU = Release|Any CPU
	EndGlobalSection
	GlobalSection(ProjectConfigurationPlatforms) = postSolution
		{6AE6D423-2695-4CBB-AAF4-2B698C27E259}.Debug|Any CPU.ActiveCfg = Debug|Any CPU
		{6AE6D423-2695-4CBB-AAF4-2B698C27E259}.Debug|Any CPU.Build.0 = Debug|Any CPU
		{6AE6D423-2695-4CBB-AAF4-2B698C27E259}.Release|Any CPU.ActiveCfg = Release|Any CPU
		{6AE6D423-2695-4CBB-AAF4-2B698C27E259}.Release|Any CPU.Build.0 = Release|Any CPU
	EndGlobalSection
	GlobalSection(SolutionProperties) = preSolution
		HideSolutionNode = FALSE
	EndGlobalSection
	GlobalSection(ExtensibilityGlobals) = postSolution
		SolutionGuid = {C434448B-6005-4202-A213-07D9F6D50C4C}
	EndGlobalSection
EndGlobal
